{
  "name": "renuah-samuel-portfolio",
  "version": "2.0.0",
  "lockfileVersion": 3,
  "requires": true,
  "packages": {
    "": {
      "name": "renuah-samuel-portfolio",
      "version": "2.0.0",
      "dependencies": {
        "@vitejs/plugin-react": "latest",
        "motion": "latest",
        "react": "latest",
        "react-dom": "latest",
        "vite": "latest"
      }
    }
  }
}
